Microsoft Visual Studio Solution File, Format Version 11.00
# Visual Studio 2008

Project("{A17640E6-C4A9-79C8-A36E-1094AE9FF340}") = "cubeworld", "Assembly-CSharp-firstpass-vs.csproj", "{E6512EE9-0EF4-503F-9B1B-F32F207830DB}"
EndProject
Project("{A17640E6-C4A9-79C8-A36E-1094AE9FF340}") = "cubeworld", "Assembly-CSharp-vs.csproj", "{CFE952C3-CA4F-3917-217E-8E0FDDDF1969}"
EndProject
Project("{A17640E6-C4A9-79C8-A36E-1094AE9FF340}") = "cubeworld", "Assembly-CSharp-Editor-firstpass-vs.csproj", "{7BF8376F-ABB9-738C-367F-C46288CF2385}"
EndProject
Project("{A17640E6-C4A9-79C8-A36E-1094AE9FF340}") = "cubeworld", "Assembly-CSharp-Editor-vs.csproj", "{4032261D-45B0-003A-CD3E-2428CD42D895}"
EndProject
Global
	GlobalSection(SolutionConfigurationPlatforms) = preSolution
		Debug|Any CPU = Debug|Any CPU
		Release|Any CPU = Release|Any CPU
	EndGlobalSection
	GlobalSection(ProjectConfigurationPlatforms) = postSolution
		{E6512EE9-0EF4-503F-9B1B-F32F207830DB}.Debug|Any CPU.ActiveCfg = Debug|Any CPU
		{E6512EE9-0EF4-503F-9B1B-F32F207830DB}.Debug|Any CPU.Build.0 = Debug|Any CPU
		{E6512EE9-0EF4-503F-9B1B-F32F207830DB}.Release|Any CPU.ActiveCfg = Release|Any CPU
		{E6512EE9-0EF4-503F-9B1B-F32F207830DB}.Release|Any CPU.Build.0 = Release|Any CPU
		{CFE952C3-CA4F-3917-217E-8E0FDDDF1969}.Debug|Any CPU.ActiveCfg = Debug|Any CPU
		{CFE952C3-CA4F-3917-217E-8E0FDDDF1969}.Debug|Any CPU.Build.0 = Debug|Any CPU
		{CFE952C3-CA4F-3917-217E-8E0FDDDF1969}.Release|Any CPU.ActiveCfg = Release|Any CPU
		{CFE952C3-CA4F-3917-217E-8E0FDDDF1969}.Release|Any CPU.Build.0 = Release|Any CPU
		{7BF8376F-ABB9-738C-367F-C46288CF2385}.Debug|Any CPU.ActiveCfg = Debug|Any CPU
		{7BF8376F-ABB9-738C-367F-C46288CF2385}.Debug|Any CPU.Build.0 = Debug|Any CPU
		{7BF8376F-ABB9-738C-367F-C46288CF2385}.Release|Any CPU.ActiveCfg = Release|Any CPU
		{7BF8376F-ABB9-738C-367F-C46288CF2385}.Release|Any CPU.Build.0 = Release|Any CPU
		{4032261D-45B0-003A-CD3E-2428CD42D895}.Debug|Any CPU.ActiveCfg = Debug|Any CPU
		{4032261D-45B0-003A-CD3E-2428CD42D895}.Debug|Any CPU.Build.0 = Debug|Any CPU
		{4032261D-45B0-003A-CD3E-2428CD42D895}.Release|Any CPU.ActiveCfg = Release|Any CPU
		{4032261D-45B0-003A-CD3E-2428CD42D895}.Release|Any CPU.Build.0 = Release|Any CPU
	EndGlobalSection
	GlobalSection(SolutionProperties) = preSolution
		HideSolutionNode = FALSE
	EndGlobalSection
																																			GlobalSection(MonoDevelopProperties) = preSolution
		StartupItem = Assembly-CSharp.csproj
		Policies = $0
		$0.TextStylePolicy = $1
		$1.inheritsSet = null
		$1.scope = text/x-csharp
		$0.CSharpFormattingPolicy = $2
		$2.inheritsSet = Mono
		$2.inheritsScope = text/x-csharp
		$2.scope = text/x-csharp
		$0.TextStylePolicy = $3
		$3.FileWidth = 120
		$3.TabWidth = 4
		$3.EolMarker = Unix
		$3.inheritsSet = Mono
		$3.inheritsScope = text/plain
		$3.scope = text/plain
	EndGlobalSection

EndGlobal
